uuid: 9bcbfacb-64f9-44c7-aad2-d82dc62fb7a5
langcode: en
status: false
dependencies:
  config:
    - views.view.who_s_online
  module:
    - views
  theme:
    - spectre
id: spectre_views_block__who_s_online_who_s_online_block
theme: spectre
region: primary_menu
weight: -10
provider: null
plugin: 'views_block:who_s_online-who_s_online_block'
settings:
  id: 'views_block:who_s_online-who_s_online_block'
  label: ''
  provider: views
  label_display: visible
  views_label: ''
  items_per_page: none
visibility: {  }
