uuid: 01ad4688-952e-4cf8-b2ad-f6c1def9742c
langcode: en
status: false
dependencies:
  module:
    - nine_mobile_product
  theme:
    - nine9_mobile_2018
id: nine9_mobile_2018_scrollspyproductblock
theme: nine9_mobile_2018
region: primary_menu
weight: 0
provider: null
plugin: scrollspy_product_block
settings:
  id: scrollspy_product_block
  label: 'Scrollspy product block'
  provider: nine_mobile_product
  label_display: visible
visibility: {  }
