uuid: 6bfdbd2e-0148-4a49-8319-5b32a374b9da
langcode: en
status: false
dependencies:
  config:
    - views.view.who_s_online
  module:
    - views
  theme:
    - nine9_mobile
id: nine9_mobile_views_block__who_s_online_who_s_online_block
theme: nine9_mobile
region: header
weight: -10
provider: null
plugin: 'views_block:who_s_online-who_s_online_block'
settings:
  id: 'views_block:who_s_online-who_s_online_block'
  label: ''
  provider: views
  label_display: visible
  views_label: ''
  items_per_page: none
visibility: {  }
